
Microsoft Visual Studio Solution File, Format Version 12.00
# Visual Studio Version 17
VisualStudioVersion = 17.7.34202.233
MinimumVisualStudioVersion = 10.0.40219.1
Project("{FAE04EC0-301F-11D3-BF4B-00C04F79EFBC}") = "Mobit.TestCRUD", "Mobit.TestCRUD\Mobit.TestCRUD.csproj", "{453FF30D-0ADD-4338-8509-AEC115773DD2}"
EndProject
Project("{FAE04EC0-301F-11D3-BF4B-00C04F79EFBC}") = "Mobit.Models", "Models\Mobit.Models.csproj", "{1305E273-3705-41ED-BDD6-F4467C22CF6F}"
EndProject
Project("{FAE04EC0-301F-11D3-BF4B-00C04F79EFBC}") = "Mobit.Data", "Mobit.Data\Mobit.Data.csproj", "{8FB82203-B6B3-4287-AA61-C367E4FC4C0B}"
EndProject
Global
	GlobalSection(SolutionConfigurationPlatforms) = preSolution
		Debug|Any CPU = Debug|Any CPU
		Release|Any CPU = Release|Any CPU
	EndGlobalSection
	GlobalSection(ProjectConfigurationPlatforms) = postSolution
		{453FF30D-0ADD-4338-8509-AEC115773DD2}.Debug|Any CPU.ActiveCfg = Debug|Any CPU
		{453FF30D-0ADD-4338-8509-AEC115773DD2}.Debug|Any CPU.Build.0 = Debug|Any CPU
		{453FF30D-0ADD-4338-8509-AEC115773DD2}.Release|Any CPU.ActiveCfg = Release|Any CPU
		{453FF30D-0ADD-4338-8509-AEC115773DD2}.Release|Any CPU.Build.0 = Release|Any CPU
		{1305E273-3705-41ED-BDD6-F4467C22CF6F}.Debug|Any CPU.ActiveCfg = Debug|Any CPU
		{1305E273-3705-41ED-BDD6-F4467C22CF6F}.Debug|Any CPU.Build.0 = Debug|Any CPU
		{1305E273-3705-41ED-BDD6-F4467C22CF6F}.Release|Any CPU.ActiveCfg = Release|Any CPU
		{1305E273-3705-41ED-BDD6-F4467C22CF6F}.Release|Any CPU.Build.0 = Release|Any CPU
		{8FB82203-B6B3-4287-AA61-C367E4FC4C0B}.Debug|Any CPU.ActiveCfg = Debug|Any CPU
		{8FB82203-B6B3-4287-AA61-C367E4FC4C0B}.Debug|Any CPU.Build.0 = Debug|Any CPU
		{8FB82203-B6B3-4287-AA61-C367E4FC4C0B}.Release|Any CPU.ActiveCfg = Release|Any CPU
		{8FB82203-B6B3-4287-AA61-C367E4FC4C0B}.Release|Any CPU.Build.0 = Release|Any CPU
	EndGlobalSection
	GlobalSection(SolutionProperties) = preSolution
		HideSolutionNode = FALSE
	EndGlobalSection
	GlobalSection(ExtensibilityGlobals) = postSolution
		SolutionGuid = {989F600E-AF50-434C-8931-E1DB07817E0D}
	EndGlobalSection
EndGlobal
